
Microsoft Visual Studio Solution File, Format Version 12.00
# Visual Studio 2013
VisualStudioVersion = 12.0.31101.0
MinimumVisualStudioVersion = 10.0.40219.1
Project("{FAE04EC0-301F-11D3-BF4B-00C04F79EFBC}") = "HangManNEW", "HangManNEW\HangManNEW.csproj", "{7C455500-4481-4C5A-AA3F-EEFAC8B29334}"
EndProject
Global
	GlobalSection(SolutionConfigurationPlatforms) = preSolution
		Debug|Any CPU = Debug|Any CPU
		Release|Any CPU = Release|Any CPU
	EndGlobalSection
	GlobalSection(ProjectConfigurationPlatforms) = postSolution
		{7C455500-4481-4C5A-AA3F-EEFAC8B29334}.Debug|Any CPU.ActiveCfg = Debug|Any CPU
		{7C455500-4481-4C5A-AA3F-EEFAC8B29334}.Debug|Any CPU.Build.0 = Debug|Any CPU
		{7C455500-4481-4C5A-AA3F-EEFAC8B29334}.Release|Any CPU.ActiveCfg = Release|Any CPU
		{7C455500-4481-4C5A-AA3F-EEFAC8B29334}.Release|Any CPU.Build.0 = Release|Any CPU
	EndGlobalSection
	GlobalSection(SolutionProperties) = preSolution
		HideSolutionNode = FALSE
	EndGlobalSection
EndGlobal
